
Microsoft Visual Studio Solution File, Format Version 12.00
# Visual Studio Version 17
VisualStudioVersion = 17.2.32526.322
MinimumVisualStudioVersion = 10.0.40219.1
Project("{9A19103F-16F7-4668-BE54-9A1E7A4F7556}") = "BlazorPractice.Client", "BlazorPractice.Client\BlazorPractice.Client.csproj", "{B7E024BB-DC2F-4AB4-A512-3085AB5F2BAA}"
EndProject
Project("{FAE04EC0-301F-11D3-BF4B-00C04F79EFBC}") = "BlazorPractice.Shared", "BlazorPractice.Shared\BlazorPractice.Shared.csproj", "{BD329CC7-1CC6-48CC-80B1-DDA0A419587C}"
EndProject
Global
	GlobalSection(SolutionConfigurationPlatforms) = preSolution
		Debug|Any CPU = Debug|Any CPU
		Release|Any CPU = Release|Any CPU
	EndGlobalSection
	GlobalSection(ProjectConfigurationPlatforms) = postSolution
		{B7E024BB-DC2F-4AB4-A512-3085AB5F2BAA}.Debug|Any CPU.ActiveCfg = Debug|Any CPU
		{B7E024BB-DC2F-4AB4-A512-3085AB5F2BAA}.Debug|Any CPU.Build.0 = Debug|Any CPU
		{B7E024BB-DC2F-4AB4-A512-3085AB5F2BAA}.Release|Any CPU.ActiveCfg = Release|Any CPU
		{B7E024BB-DC2F-4AB4-A512-3085AB5F2BAA}.Release|Any CPU.Build.0 = Release|Any CPU
		{BD329CC7-1CC6-48CC-80B1-DDA0A419587C}.Debug|Any CPU.ActiveCfg = Debug|Any CPU
		{BD329CC7-1CC6-48CC-80B1-DDA0A419587C}.Debug|Any CPU.Build.0 = Debug|Any CPU
		{BD329CC7-1CC6-48CC-80B1-DDA0A419587C}.Release|Any CPU.ActiveCfg = Release|Any CPU
		{BD329CC7-1CC6-48CC-80B1-DDA0A419587C}.Release|Any CPU.Build.0 = Release|Any CPU
	EndGlobalSection
	GlobalSection(SolutionProperties) = preSolution
		HideSolutionNode = FALSE
	EndGlobalSection
	GlobalSection(ExtensibilityGlobals) = postSolution
		SolutionGuid = {D6341ED9-5ED0-4F06-AF71-A1186B95DAB0}
	EndGlobalSection
EndGlobal
